lockfileVersion: '9.0'

settings:
  autoInstallPeers: true
  excludeLinksFromLockfile: false

importers:

  .:
    dependencies:
      axe-core:
        specifier: ^4.11.0
        version: 4.11.0
      axe-html-reporter:
        specifier: ^2.2.11
        version: 2.2.11(axe-core@4.11.0)
      commander:
        specifier: ^10.0.0
        version: 10.0.1
    devDependencies:
      '@axe-core/playwright':
        specifier: ^4.11.0
        version: 4.11.0(playwright-core@1.57.0)
      playwright:
        specifier: ^1.56.1
        version: 1.57.0

packages:

  '@axe-core/playwright@4.11.0':
    resolution: {integrity: sha512-70vBT/Ylqpm65RQz2iCG2o0JJCEG/WCNyefTr2xcOcr1CoSee60gNQYUMZZ7YukoKkFLv26I/jjlsvwwp532oQ==}
    peerDependencies:
      playwright-core: '>= 1.0.0'

  axe-core@4.11.0:
    resolution: {integrity: sha512-ilYanEU8vxxBexpJd8cWM4ElSQq4QctCLKih0TSfjIfCQTeyH/6zVrmIJfLPrKTKJRbiG+cfnZbQIjAlJmF1jQ==}
    engines: {node: '>=4'}

  axe-html-reporter@2.2.11:
    resolution: {integrity: sha512-WlF+xlNVgNVWiM6IdVrsh+N0Cw7qupe5HT9N6Uyi+aN7f6SSi92RDomiP1noW8OWIV85V6x404m5oKMeqRV3tQ==}
    engines: {node: '>=8.9.0'}
    peerDependencies:
      axe-core: '>=3'

  commander@10.0.1:
    resolution: {integrity: sha512-y4Mg2tXshplEbSGzx7amzPwKKOCGuoSRP/CjEdwwk0FOGlUbq6lKuoyDZTNZkmxHdJtp54hdfY/JUrdL7Xfdug==}
    engines: {node: '>=14'}

  fsevents@2.3.2:
    resolution: {integrity: sha512-xiqMQR4xAeHTuB9uWm+fFRcIOgKBMiOBP+eXiyT7jsgVCq1bkVygt00oASowB7EdtpOHaaPgKt812P9ab+DDKA==}
    engines: {node: ^8.16.0 || ^10.6.0 || >=11.0.0}
    os: [darwin]

  mustache@4.2.0:
    resolution: {integrity: sha512-71ippSywq5Yb7/tVYyGbkBggbU8H3u5Rz56fH60jGFgr8uHwxs+aSKeqmluIVzM0m0kB7xQjKS6qPfd0b2ZoqQ==}
    hasBin: true

  playwright-core@1.57.0:
    resolution: {integrity: sha512-agTcKlMw/mjBWOnD6kFZttAAGHgi/Nw0CZ2o6JqWSbMlI219lAFLZZCyqByTsvVAJq5XA5H8cA6PrvBRpBWEuQ==}
    engines: {node: '>=18'}
    hasBin: true

  playwright@1.57.0:
    resolution: {integrity: sha512-ilYQj1s8sr2ppEJ2YVadYBN0Mb3mdo9J0wQ+UuDhzYqURwSoW4n1Xs5vs7ORwgDGmyEh33tRMeS8KhdkMoLXQw==}
    engines: {node: '>=18'}
    hasBin: true

snapshots:

  '@axe-core/playwright@4.11.0(playwright-core@1.57.0)':
    dependencies:
      axe-core: 4.11.0
      playwright-core: 1.57.0

  axe-core@4.11.0: {}

  axe-html-reporter@2.2.11(axe-core@4.11.0):
    dependencies:
      axe-core: 4.11.0
      mustache: 4.2.0

  commander@10.0.1: {}

  fsevents@2.3.2:
    optional: true

  mustache@4.2.0: {}

  playwright-core@1.57.0: {}

  playwright@1.57.0:
    dependencies:
      playwright-core: 1.57.0
    optionalDependencies:
      fsevents: 2.3.2
